{
  "name": "gduf-auto-login-ext",
  "version": "1.2.8",
  "lockfileVersion": 2,
  "requires": true,
  "packages": {
    "": {
      "name": "gduf-auto-login-ext",
      "version": "1.2.8",
      "license": "MIT",
      "devDependencies": {
        "@types/chrome": "^0.0.171",
        "typescript": "^4.4.3"
      }
    },
    "node_modules/@types/chrome": {
      "version": "0.0.171",
      "resolved": "https://registry.npmjs.org/@types/chrome/-/chrome-0.0.171.tgz",
      "integrity": "sha512-CnCwFKI3COygib3DNJrCjePeoU2OCDGGbUcmftXtQ3loMABsLgwpG8z+LxV4kjQJFzmJDqOyhCSsbY9yyEfapQ==",
      "dev": true,
      "dependencies": {
        "@types/filesystem": "*",
        "@types/har-format": "*"
      }
    },
    "node_modules/@types/filesystem": {
      "version": "0.0.32",
      "resolved": "https://registry.npmjs.org/@types/filesystem/-/filesystem-0.0.32.tgz",
      "integrity": "sha512-Yuf4jR5YYMR2DVgwuCiP11s0xuVRyPKmz8vo6HBY3CGdeMj8af93CFZX+T82+VD1+UqHOxTq31lO7MI7lepBtQ==",
      "dev": true,
      "dependencies": {
        "@types/filewriter": "*"
      }
    },
    "node_modules/@types/filewriter": {
      "version": "0.0.29",
      "resolved": "https://registry.npmjs.org/@types/filewriter/-/filewriter-0.0.29.tgz",
      "integrity": "sha512-BsPXH/irW0ht0Ji6iw/jJaK8Lj3FJemon2gvEqHKpCdDCeemHa+rI3WBGq5z7cDMZgoLjY40oninGxqk+8NzNQ==",
      "dev": true
    },
    "node_modules/@types/har-format": {
      "version": "1.2.8",
      "resolved": "https://registry.npmjs.org/@types/har-format/-/har-format-1.2.8.tgz",
      "integrity": "sha512-OP6L9VuZNdskgNN3zFQQ54ceYD8OLq5IbqO4VK91ORLfOm7WdT/CiT/pHEBSQEqCInJ2y3O6iCm/zGtPElpgJQ==",
      "dev": true
    },
    "node_modules/typescript": {
      "version": "4.5.4",
      "resolved": "https://registry.npmjs.org/typescript/-/typescript-4.5.4.tgz",
      "integrity": "sha512-VgYs2A2QIRuGphtzFV7aQJduJ2gyfTljngLzjpfW9FoYZF6xuw1W0vW9ghCKLfcWrCFxK81CSGRAvS1pn4fIUg==",
      "dev": true,
      "bin": {
        "tsc": "bin/tsc",
        "tsserver": "bin/tsserver"
      },
      "engines": {
        "node": ">=4.2.0"
      }
    }
  },
  "dependencies": {
    "@types/chrome": {
      "version": "0.0.171",
      "resolved": "https://registry.npmjs.org/@types/chrome/-/chrome-0.0.171.tgz",
      "integrity": "sha512-CnCwFKI3COygib3DNJrCjePeoU2OCDGGbUcmftXtQ3loMABsLgwpG8z+LxV4kjQJFzmJDqOyhCSsbY9yyEfapQ==",
      "dev": true,
      "requires": {
        "@types/filesystem": "*",
        "@types/har-format": "*"
      }
    },
    "@types/filesystem": {
      "version": "0.0.32",
      "resolved": "https://registry.npmjs.org/@types/filesystem/-/filesystem-0.0.32.tgz",
      "integrity": "sha512-Yuf4jR5YYMR2DVgwuCiP11s0xuVRyPKmz8vo6HBY3CGdeMj8af93CFZX+T82+VD1+UqHOxTq31lO7MI7lepBtQ==",
      "dev": true,
      "requires": {
        "@types/filewriter": "*"
      }
    },
    "@types/filewriter": {
      "version": "0.0.29",
      "resolved": "https://registry.npmjs.org/@types/filewriter/-/filewriter-0.0.29.tgz",
      "integrity": "sha512-BsPXH/irW0ht0Ji6iw/jJaK8Lj3FJemon2gvEqHKpCdDCeemHa+rI3WBGq5z7cDMZgoLjY40oninGxqk+8NzNQ==",
      "dev": true
    },
    "@types/har-format": {
      "version": "1.2.8",
      "resolved": "https://registry.npmjs.org/@types/har-format/-/har-format-1.2.8.tgz",
      "integrity": "sha512-OP6L9VuZNdskgNN3zFQQ54ceYD8OLq5IbqO4VK91ORLfOm7WdT/CiT/pHEBSQEqCInJ2y3O6iCm/zGtPElpgJQ==",
      "dev": true
    },
    "typescript": {
      "version": "4.5.4",
      "resolved": "https://registry.npmjs.org/typescript/-/typescript-4.5.4.tgz",
      "integrity": "sha512-VgYs2A2QIRuGphtzFV7aQJduJ2gyfTljngLzjpfW9FoYZF6xuw1W0vW9ghCKLfcWrCFxK81CSGRAvS1pn4fIUg==",
      "dev": true
    }
  }
}
